
Microsoft Visual Studio Solution File, Format Version 12.00
# Visual Studio Version 17
VisualStudioVersion = 17.3.32825.248
MinimumVisualStudioVersion = 10.0.40219.1
Project("{FAE04EC0-301F-11D3-BF4B-00C04F79EFBC}") = "CRUDOPERATIONS", "CRUDOPERATIONS\CRUDOPERATIONS.csproj", "{13DEA251-DA13-48A7-A0F7-99ECC60E1731}"
EndProject
Global
	GlobalSection(SolutionConfigurationPlatforms) = preSolution
		Debug|Any CPU = Debug|Any CPU
		Release|Any CPU = Release|Any CPU
	EndGlobalSection
	GlobalSection(ProjectConfigurationPlatforms) = postSolution
		{13DEA251-DA13-48A7-A0F7-99ECC60E1731}.Debug|Any CPU.ActiveCfg = Debug|Any CPU
		{13DEA251-DA13-48A7-A0F7-99ECC60E1731}.Debug|Any CPU.Build.0 = Debug|Any CPU
		{13DEA251-DA13-48A7-A0F7-99ECC60E1731}.Release|Any CPU.ActiveCfg = Release|Any CPU
		{13DEA251-DA13-48A7-A0F7-99ECC60E1731}.Release|Any CPU.Build.0 = Release|Any CPU
	EndGlobalSection
	GlobalSection(SolutionProperties) = preSolution
		HideSolutionNode = FALSE
	EndGlobalSection
	GlobalSection(ExtensibilityGlobals) = postSolution
		SolutionGuid = {7FF031DC-1EE6-4530-9355-B838ECE0E52C}
	EndGlobalSection
EndGlobal
